// !$*UTF8*$!
{
	archiveVersion = 1;
	classes = {
	};
	objectVersion = 50;
	objects = {

/* Begin PBXBuildFile section */
		21D9B12578CE82F324315667 /* Pods_ParseJSONHomework_ParseJSONHomeworkUITests.framework in Frameworks */ = {isa = PBXBuildFile; fileRef = AE569630DDCAC54E9D861A15 /* Pods_ParseJSONHomework_ParseJSONHomeworkUITests.framework */; };
		62A02992F4E682AE42C5663A /* Pods_ParseJSONHomeworkTests.framework in Frameworks */ = {isa = PBXBuildFile; fileRef = 1B69971A57C98C65BC442A3D /* Pods_ParseJSONHomeworkTests.framework */; };
		75D24C4525343C3A0040279D /* AppDelegate.swift in Sources */ = {isa = PBXBuildFile; fileRef = 75D24C4425343C3A0040279D /* AppDelegate.swift */; };
		75D24C4725343C3A0040279D /* SceneDelegate.swift in Sources */ = {isa = PBXBuildFile; fileRef = 75D24C4625343C3A0040279D /* SceneDelegate.swift */; };
		75D24C4C25343C3A0040279D /* Main.storyboard in Resources */ = {isa = PBXBuildFile; fileRef = 75D24C4A25343C3A0040279D /* Main.storyboard */; };
		75D24C4E25343C3E0040279D /* Assets.xcassets in Resources */ = {isa = PBXBuildFile; fileRef = 75D24C4D25343C3E0040279D /* Assets.xcassets */; };
		75D24C5125343C3E0040279D /* LaunchScreen.storyboard in Resources */ = {isa = PBXBuildFile; fileRef = 75D24C4F25343C3E0040279D /* LaunchScreen.storyboard */; };
		75D24C5C25343C3E0040279D /* ParseJSONHomeworkTests.swift in Sources */ = {isa = PBXBuildFile; fileRef = 75D24C5B25343C3E0040279D /* ParseJSONHomeworkTests.swift */; };
		75D24C6725343C3E0040279D /* ParseJSONHomeworkUITests.swift in Sources */ = {isa = PBXBuildFile; fileRef = 75D24C6625343C3E0040279D /* ParseJSONHomeworkUITests.swift */; };
		75D24C7B25343D570040279D /* TableViewController.swift in Sources */ = {isa = PBXBuildFile; fileRef = 75D24C7A25343D570040279D /* TableViewController.swift */; };
		75D24C902536FA700040279D /* ValuteCell.swift in Sources */ = {isa = PBXBuildFile; fileRef = 75D24C8F2536FA700040279D /* ValuteCell.swift */; };
		75D24C98253702BA0040279D /* Welcome.swift in Sources */ = {isa = PBXBuildFile; fileRef = 75D24C97253702BA0040279D /* Welcome.swift */; };
		88574BAF340BD4E5B858B483 /* Pods_ParseJSONHomework.framework in Frameworks */ = {isa = PBXBuildFile; fileRef = 14C9F3BA29CB9367CAE36191 /* Pods_ParseJSONHomework.framework */; };
/* End PBXBuildFile section */

/* Begin PBXContainerItemProxy section */
		75D24C5825343C3E0040279D /* PBXContainerItemProxy */ = {
			isa = PBXContainerItemProxy;
			containerPortal = 75D24C3925343C3A0040279D /* Project object */;
			proxyType = 1;
			remoteGlobalIDString = 75D24C4025343C3A0040279D;
			remoteInfo = ParseJSONHomework;
		};
		75D24C6325343C3E0040279D /* PBXContainerItemProxy */ = {
			isa = PBXContainerItemProxy;
			containerPortal = 75D24C3925343C3A0040279D /* Project object */;
			proxyType = 1;
			remoteGlobalIDString = 75D24C4025343C3A0040279D;
			remoteInfo = ParseJSONHomework;
		};
/* End PBXContainerItemProxy section */

/* Begin PBXFileReference section */
		14C9F3BA29CB9367CAE36191 /* Pods_ParseJSONHomework.framework */ = {isa = PBXFileReference; explicitFileType = wrapper.framework; includeInIndex = 0; path = Pods_ParseJSONHomework.framework; sourceTree = BUILT_PRODUCTS_DIR; };
		1B69971A57C98C65BC442A3D /* Pods_ParseJSONHomeworkTests.framework */ = {isa = PBXFileReference; explicitFileType = wrapper.framework; includeInIndex = 0; path = Pods_ParseJSONHomeworkTests.framework; sourceTree = BUILT_PRODUCTS_DIR; };
		47014CC229E6CA1044F08834 /* Pods-ParseJSONHomework-ParseJSONHomeworkUITests.debug.xcconfig */ = {isa = PBXFileReference; includeInIndex = 1; lastKnownFileType = text.xcconfig; name = "Pods-ParseJSONHomework-ParseJSONHomeworkUITests.debug.xcconfig"; path = "Target Support Files/Pods-ParseJSONHomework-ParseJSONHomeworkUITests/Pods-ParseJSONHomework-ParseJSONHomeworkUITests.debug.xcconfig"; sourceTree = "<group>"; };
		75D24C4125343C3A0040279D /* ParseJSONHomework.app */ = {isa = PBXFileReference; explicitFileType = wrapper.application; includeInIndex = 0; path = ParseJSONHomework.app; sourceTree = BUILT_PRODUCTS_DIR; };
		75D24C4425343C3A0040279D /* AppDelegate.swift */ = {isa = PBXFileReference; lastKnownFileType = sourcecode.swift; path = AppDelegate.swift; sourceTree = "<group>"; };
		75D24C4625343C3A0040279D /* SceneDelegate.swift */ = {isa = PBXFileReference; lastKnownFileType = sourcecode.swift; path = SceneDelegate.swift; sourceTree = "<group>"; };
		75D24C4B25343C3A0040279D /* Base */ = {isa = PBXFileReference; lastKnownFileType = file.storyboard; name = Base; path = Base.lproj/Main.storyboard; sourceTree = "<group>"; };
		75D24C4D25343C3E0040279D /* Assets.xcassets */ = {isa = PBXFileReference; lastKnownFileType = folder.assetcatalog; path = Assets.xcassets; sourceTree = "<group>"; };
		75D24C5025343C3E0040279D /* Base */ = {isa = PBXFileReference; lastKnownFileType = file.storyboard; name = Base; path = Base.lproj/LaunchScreen.storyboard; sourceTree = "<group>"; };
		75D24C5225343C3E0040279D /* Info.plist */ = {isa = PBXFileReference; lastKnownFileType = text.plist.xml; path = Info.plist; sourceTree = "<group>"; };
		75D24C5725343C3E0040279D /* ParseJSONHomeworkTests.xctest */ = {isa = PBXFileReference; explicitFileType = wrapper.cfbundle; includeInIndex = 0; path = ParseJSONHomeworkTests.xctest; sourceTree = BUILT_PRODUCTS_DIR; };
		75D24C5B25343C3E0040279D /* ParseJSONHomeworkTests.swift */ = {isa = PBXFileReference; lastKnownFileType = sourcecode.swift; path = ParseJSONHomeworkTests.swift; sourceTree = "<group>"; };
		75D24C5D25343C3E0040279D /* Info.plist */ = {isa = PBXFileReference; lastKnownFileType = text.plist.xml; path = Info.plist; sourceTree = "<group>"; };
		75D24C6225343C3E0040279D /* ParseJSONHomeworkUITests.xctest */ = {isa = PBXFileReference; explicitFileType = wrapper.cfbundle; includeInIndex = 0; path = ParseJSONHomeworkUITests.xctest; sourceTree = BUILT_PRODUCTS_DIR; };
		75D24C6625343C3E0040279D /* ParseJSONHomeworkUITests.swift */ = {isa = PBXFileReference; lastKnownFileType = sourcecode.swift; path = ParseJSONHomeworkUITests.swift; sourceTree = "<group>"; };
		75D24C6825343C3E0040279D /* Info.plist */ = {isa = PBXFileReference; lastKnownFileType = text.plist.xml; path = Info.plist; sourceTree = "<group>"; };
		75D24C7A25343D570040279D /* TableViewController.swift */ = {isa = PBXFileReference; lastKnownFileType = sourcecode.swift; path = TableViewController.swift; sourceTree = "<group>"; };
		75D24C8F2536FA700040279D /* ValuteCell.swift */ = {isa = PBXFileReference; lastKnownFileType = sourcecode.swift; path = ValuteCell.swift; sourceTree = "<group>"; };
		75D24C97253702BA0040279D /* Welcome.swift */ = {isa = PBXFileReference; lastKnownFileType = sourcecode.swift; path = Welcome.swift; sourceTree = "<group>"; };
		96412A454BE86C5D5E11524D /* Pods-ParseJSONHomework.debug.xcconfig */ = {isa = PBXFileReference; includeInIndex = 1; lastKnownFileType = text.xcconfig; name = "Pods-ParseJSONHomework.debug.xcconfig"; path = "Target Support Files/Pods-ParseJSONHomework/Pods-ParseJSONHomework.debug.xcconfig"; sourceTree = "<group>"; };
		AE569630DDCAC54E9D861A15 /* Pods_ParseJSONHomework_ParseJSONHomeworkUITests.framework */ = {isa = PBXFileReference; explicitFileType = wrapper.framework; includeInIndex = 0; path = Pods_ParseJSONHomework_ParseJSONHomeworkUITests.framework; sourceTree = BUILT_PRODUCTS_DIR; };
		B020760102513C2C8E479E63 /* Pods-ParseJSONHomeworkTests.release.xcconfig */ = {isa = PBXFileReference; includeInIndex = 1; lastKnownFileType = text.xcconfig; name = "Pods-ParseJSONHomeworkTests.release.xcconfig"; path = "Target Support Files/Pods-ParseJSONHomeworkTests/Pods-ParseJSONHomeworkTests.release.xcconfig"; sourceTree = "<group>"; };
		C82DC42C2920CDA997395D7C /* Pods-ParseJSONHomework.release.xcconfig */ = {isa = PBXFileReference; includeInIndex = 1; lastKnownFileType = text.xcconfig; name = "Pods-ParseJSONHomework.release.xcconfig"; path = "Target Support Files/Pods-ParseJSONHomework/Pods-ParseJSONHomework.release.xcconfig"; sourceTree = "<group>"; };
		C88FFF17B193B2D60DA2247E /* Pods-ParseJSONHomework-ParseJSONHomeworkUITests.release.xcconfig */ = {isa = PBXFileReference; includeInIndex = 1; lastKnownFileType = text.xcconfig; name = "Pods-ParseJSONHomework-ParseJSONHomeworkUITests.release.xcconfig"; path = "Target Support Files/Pods-ParseJSONHomework-ParseJSONHomeworkUITests/Pods-ParseJSONHomework-ParseJSONHomeworkUITests.release.xcconfig"; sourceTree = "<group>"; };
		E310478B4B80E0950501DE7A /* Pods-ParseJSONHomeworkTests.debug.xcconfig */ = {isa = PBXFileReference; includeInIndex = 1; lastKnownFileType = text.xcconfig; name = "Pods-ParseJSONHomeworkTests.debug.xcconfig"; path = "Target Support Files/Pods-ParseJSONHomeworkTests/Pods-ParseJSONHomeworkTests.debug.xcconfig"; sourceTree = "<group>"; };
/* End PBXFileReference section */

/* Begin PBXFrameworksBuildPhase section */
		75D24C3E25343C3A0040279D /* Frameworks */ = {
			isa = PBXFrameworksBuildPhase;
			buildActionMask = 2147483647;
			files = (
				88574BAF340BD4E5B858B483 /* Pods_ParseJSONHomework.framework in Frameworks */,
			);
			runOnlyForDeploymentPostprocessing = 0;
		};
		75D24C5425343C3E0040279D /* Frameworks */ = {
			isa = PBXFrameworksBuildPhase;
			buildActionMask = 2147483647;
			files = (
				62A02992F4E682AE42C5663A /* Pods_ParseJSONHomeworkTests.framework in Frameworks */,
			);
			runOnlyForDeploymentPostprocessing = 0;
		};
		75D24C5F25343C3E0040279D /* Frameworks */ = {
			isa = PBXFrameworksBuildPhase;
			buildActionMask = 2147483647;
			files = (
				21D9B12578CE82F324315667 /* Pods_ParseJSONHomework_ParseJSONHomeworkUITests.framework in Frameworks */,
			);
			runOnlyForDeploymentPostprocessing = 0;
		};
/* End PBXFrameworksBuildPhase section */

/* Begin PBXGroup section */
		75D24C3825343C3A0040279D = {
			isa = PBXGroup;
			children = (
				75D24C4325343C3A0040279D /* ParseJSONHomework */,
				75D24C5A25343C3E0040279D /* ParseJSONHomeworkTests */,
				75D24C6525343C3E0040279D /* ParseJSONHomeworkUITests */,
				75D24C4225343C3A0040279D /* Products */,
				AB9D96328E677A26F535416F /* Pods */,
				F0EB128B2687BB5939F9F9AB /* Frameworks */,
			);
			sourceTree = "<group>";
		};
		75D24C4225343C3A0040279D /* Products */ = {
			isa = PBXGroup;
			children = (
				75D24C4125343C3A0040279D /* ParseJSONHomework.app */,
				75D24C5725343C3E0040279D /* ParseJSONHomeworkTests.xctest */,
				75D24C6225343C3E0040279D /* ParseJSONHomeworkUITests.xctest */,
			);
			name = Products;
			sourceTree = "<group>";
		};
		75D24C4325343C3A0040279D /* ParseJSONHomework */ = {
			isa = PBXGroup;
			children = (
				75D24C4425343C3A0040279D /* AppDelegate.swift */,
				75D24C4625343C3A0040279D /* SceneDelegate.swift */,
				75D24C4A25343C3A0040279D /* Main.storyboard */,
				75D24C8F2536FA700040279D /* ValuteCell.swift */,
				75D24C97253702BA0040279D /* Welcome.swift */,
				75D24C7A25343D570040279D /* TableViewController.swift */,
				75D24C4D25343C3E0040279D /* Assets.xcassets */,
				75D24C4F25343C3E0040279D /* LaunchScreen.storyboard */,
				75D24C5225343C3E0040279D /* Info.plist */,
			);
			path = ParseJSONHomework;
			sourceTree = "<group>";
		};
		75D24C5A25343C3E0040279D /* ParseJSONHomeworkTests */ = {
			isa = PBXGroup;
			children = (
				75D24C5B25343C3E0040279D /* ParseJSONHomeworkTests.swift */,
				75D24C5D25343C3E0040279D /* Info.plist */,
			);
			path = ParseJSONHomeworkTests;
			sourceTree = "<group>";
		};
		75D24C6525343C3E0040279D /* ParseJSONHomeworkUITests */ = {
			isa = PBXGroup;
			children = (
				75D24C6625343C3E0040279D /* ParseJSONHomeworkUITests.swift */,
				75D24C6825343C3E0040279D /* Info.plist */,
			);
			path = ParseJSONHomeworkUITests;
			sourceTree = "<group>";
		};
		AB9D96328E677A26F535416F /* Pods */ = {
			isa = PBXGroup;
			children = (
				96412A454BE86C5D5E11524D /* Pods-ParseJSONHomework.debug.xcconfig */,
				C82DC42C2920CDA997395D7C /* Pods-ParseJSONHomework.release.xcconfig */,
				47014CC229E6CA1044F08834 /* Pods-ParseJSONHomework-ParseJSONHomeworkUITests.debug.xcconfig */,
				C88FFF17B193B2D60DA2247E /* Pods-ParseJSONHomework-ParseJSONHomeworkUITests.release.xcconfig */,
				E310478B4B80E0950501DE7A /* Pods-ParseJSONHomeworkTests.debug.xcconfig */,
				B020760102513C2C8E479E63 /* Pods-ParseJSONHomeworkTests.release.xcconfig */,
			);
			name = Pods;
			path = Pods;
			sourceTree = "<group>";
		};
		F0EB128B2687BB5939F9F9AB /* Frameworks */ = {
			isa = PBXGroup;
			children = (
				14C9F3BA29CB9367CAE36191 /* Pods_ParseJSONHomework.framework */,
				AE569630DDCAC54E9D861A15 /* Pods_ParseJSONHomework_ParseJSONHomeworkUITests.framework */,
				1B69971A57C98C65BC442A3D /* Pods_ParseJSONHomeworkTests.framework */,
			);
			name = Frameworks;
			sourceTree = "<group>";
		};
/* End PBXGroup section */

/* Begin PBXNativeTarget section */
		75D24C4025343C3A0040279D /* ParseJSONHomework */ = {
			isa = PBXNativeTarget;
			buildConfigurationList = 75D24C6B25343C3E0040279D /* Build configuration list for PBXNativeTarget "ParseJSONHomework" */;
			buildPhases = (
				DB25C5E505F0AD1FE9D8B1A5 /* [CP] Check Pods Manifest.lock */,
				75D24C3D25343C3A0040279D /* Sources */,
				75D24C3E25343C3A0040279D /* Frameworks */,
				75D24C3F25343C3A0040279D /* Resources */,
				A7F3174A977533D1FC88B8ED /* [CP] Embed Pods Frameworks */,
			);
			buildRules = (
			);
			dependencies = (
			);
			name = ParseJSONHomework;
			productName = ParseJSONHomework;
			productReference = 75D24C4125343C3A0040279D /* ParseJSONHomework.app */;
			productType = "com.apple.product-type.application";
		};
		75D24C5625343C3E0040279D /* ParseJSONHomeworkTests */ = {
			isa = PBXNativeTarget;
			buildConfigurationList = 75D24C6E25343C3E0040279D /* Build configuration list for PBXNativeTarget "ParseJSONHomeworkTests" */;
			buildPhases = (
				A511A9432CCF54E043058FA5 /* [CP] Check Pods Manifest.lock */,
				75D24C5325343C3E0040279D /* Sources */,
				75D24C5425343C3E0040279D /* Frameworks */,
				75D24C5525343C3E0040279D /* Resources */,
			);
			buildRules = (
			);
			dependencies = (
				75D24C5925343C3E0040279D /* PBXTargetDependency */,
			);
			name = ParseJSONHomeworkTests;
			productName = ParseJSONHomeworkTests;
			productReference = 75D24C5725343C3E0040279D /* ParseJSONHomeworkTests.xctest */;
			productType = "com.apple.product-type.bundle.unit-test";
		};
		75D24C6125343C3E0040279D /* ParseJSONHomeworkUITests */ = {
			isa = PBXNativeTarget;
			buildConfigurationList = 75D24C7125343C3E0040279D /* Build configuration list for PBXNativeTarget "ParseJSONHomeworkUITests" */;
			buildPhases = (
				842646D6C07B52E32717EE52 /* [CP] Check Pods Manifest.lock */,
				75D24C5E25343C3E0040279D /* Sources */,
				75D24C5F25343C3E0040279D /* Frameworks */,
				75D24C6025343C3E0040279D /* Resources */,
				7ED592B4BEC76D9752C6FA59 /* [CP] Embed Pods Frameworks */,
			);
			buildRules = (
			);
			dependencies = (
				75D24C6425343C3E0040279D /* PBXTargetDependency */,
			);
			name = ParseJSONHomeworkUITests;
			productName = ParseJSONHomeworkUITests;
			productReference = 75D24C6225343C3E0040279D /* ParseJSONHomeworkUITests.xctest */;
			productType = "com.apple.product-type.bundle.ui-testing";
		};
/* End PBXNativeTarget section */

/* Begin PBXProject section */
		75D24C3925343C3A0040279D /* Project object */ = {
			isa = PBXProject;
			attributes = {
				LastSwiftUpdateCheck = 1200;
				LastUpgradeCheck = 1200;
				TargetAttributes = {
					75D24C4025343C3A0040279D = {
						CreatedOnToolsVersion = 12.0.1;
					};
					75D24C5625343C3E0040279D = {
						CreatedOnToolsVersion = 12.0.1;
						TestTargetID = 75D24C4025343C3A0040279D;
					};
					75D24C6125343C3E0040279D = {
						CreatedOnToolsVersion = 12.0.1;
						TestTargetID = 75D24C4025343C3A0040279D;
					};
				};
			};
			buildConfigurationList = 75D24C3C25343C3A0040279D /* Build configuration list for PBXProject "ParseJSONHomework" */;
			compatibilityVersion = "Xcode 9.3";
			developmentRegion = en;
			hasScannedForEncodings = 0;
			knownRegions = (
				en,
				Base,
			);
			mainGroup = 75D24C3825343C3A0040279D;
			productRefGroup = 75D24C4225343C3A0040279D /* Products */;
			projectDirPath = "";
			projectRoot = "";
			targets = (
				75D24C4025343C3A0040279D /* ParseJSONHomework */,
				75D24C5625343C3E0040279D /* ParseJSONHomeworkTests */,
				75D24C6125343C3E0040279D /* ParseJSONHomeworkUITests */,
			);
		};
/* End PBXProject section */

/* Begin PBXResourcesBuildPhase section */
		75D24C3F25343C3A0040279D /* Resources */ = {
			isa = PBXResourcesBuildPhase;
			buildActionMask = 2147483647;
			files = (
				75D24C5125343C3E0040279D /* LaunchScreen.storyboard in Resources */,
				75D24C4E25343C3E0040279D /* Assets.xcassets in Resources */,
				75D24C4C25343C3A0040279D /* Main.storyboard in Resources */,
			);
			runOnlyForDeploymentPostprocessing = 0;
		};
		75D24C5525343C3E0040279D /* Resources */ = {
			isa = PBXResourcesBuildPhase;
			buildActionMask = 2147483647;
			files = (
			);
			runOnlyForDeploymentPostprocessing = 0;
		};
		75D24C6025343C3E0040279D /* Resources */ = {
			isa = PBXResourcesBuildPhase;
			buildActionMask = 2147483647;
			files = (
			);
			runOnlyForDeploymentPostprocessing = 0;
		};
/* End PBXResourcesBuildPhase section */

/* Begin PBXShellScriptBuildPhase section */
		7ED592B4BEC76D9752C6FA59 /* [CP] Embed Pods Frameworks */ = {
			isa = PBXShellScriptBuildPhase;
			buildActionMask = 2147483647;
			files = (
			);
			inputFileListPaths = (
				"${PODS_ROOT}/Target Support Files/Pods-ParseJSONHomework-ParseJSONHomeworkUITests/Pods-ParseJSONHomework-ParseJSONHomeworkUITests-frameworks-${CONFIGURATION}-input-files.xcfilelist",
			);
			name = "[CP] Embed Pods Frameworks";
			outputFileListPaths = (
				"${PODS_ROOT}/Target Support Files/Pods-ParseJSONHomework-ParseJSONHomeworkUITests/Pods-ParseJSONHomework-ParseJSONHomeworkUITests-frameworks-${CONFIGURATION}-output-files.xcfilelist",
			);
			runOnlyForDeploymentPostprocessing = 0;
			shellPath = /bin/sh;
			shellScript = "\"${PODS_ROOT}/Target Support Files/Pods-ParseJSONHomework-ParseJSONHomeworkUITests/Pods-ParseJSONHomework-ParseJSONHomeworkUITests-frameworks.sh\"\n";
			showEnvVarsInLog = 0;
		};
		842646D6C07B52E32717EE52 /* [CP] Check Pods Manifest.lock */ = {
			isa = PBXShellScriptBuildPhase;
			buildActionMask = 2147483647;
			files = (
			);
			inputFileListPaths = (
			);
			inputPaths = (
				"${PODS_PODFILE_DIR_PATH}/Podfile.lock",
				"${PODS_ROOT}/Manifest.lock",
			);
			name = "[CP] Check Pods Manifest.lock";
			outputFileListPaths = (
			);
			outputPaths = (
				"$(DERIVED_FILE_DIR)/Pods-ParseJSONHomework-ParseJSONHomeworkUITests-checkManifestLockResult.txt",
			);
			runOnlyForDeploymentPostprocessing = 0;
			shellPath = /bin/sh;
			shellScript = "diff \"${PODS_PODFILE_DIR_PATH}/Podfile.lock\" \"${PODS_ROOT}/Manifest.lock\" > /dev/null\nif [ $? != 0 ] ; then\n    # print error to STDERR\n    echo \"error: The sandbox is not in sync with the Podfile.lock. Run 'pod install' or update your CocoaPods installation.\" >&2\n    exit 1\nfi\n# This output is used by Xcode 'outputs' to avoid re-running this script phase.\necho \"SUCCESS\" > \"${SCRIPT_OUTPUT_FILE_0}\"\n";
			showEnvVarsInLog = 0;
		};
		A511A9432CCF54E043058FA5 /* [CP] Check Pods Manifest.lock */ = {
			isa = PBXShellScriptBuildPhase;
			buildActionMask = 2147483647;
			files = (
			);
			inputFileListPaths = (
			);
			inputPaths = (
				"${PODS_PODFILE_DIR_PATH}/Podfile.lock",
				"${PODS_ROOT}/Manifest.lock",
			);
			name = "[CP] Check Pods Manifest.lock";
			outputFileListPaths = (
			);
			outputPaths = (
				"$(DERIVED_FILE_DIR)/Pods-ParseJSONHomeworkTests-checkManifestLockResult.txt",
			);
			runOnlyForDeploymentPostprocessing = 0;
			shellPath = /bin/sh;
			shellScript = "diff \"${PODS_PODFILE_DIR_PATH}/Podfile.lock\" \"${PODS_ROOT}/Manifest.lock\" > /dev/null\nif [ $? != 0 ] ; then\n    # print error to STDERR\n    echo \"error: The sandbox is not in sync with the Podfile.lock. Run 'pod install' or update your CocoaPods installation.\" >&2\n    exit 1\nfi\n# This output is used by Xcode 'outputs' to avoid re-running this script phase.\necho \"SUCCESS\" > \"${SCRIPT_OUTPUT_FILE_0}\"\n";
			showEnvVarsInLog = 0;
		};
		A7F3174A977533D1FC88B8ED /* [CP] Embed Pods Frameworks */ = {
			isa = PBXShellScriptBuildPhase;
			buildActionMask = 2147483647;
			files = (
			);
			inputFileListPaths = (
				"${PODS_ROOT}/Target Support Files/Pods-ParseJSONHomework/Pods-ParseJSONHomework-frameworks-${CONFIGURATION}-input-files.xcfilelist",
			);
			name = "[CP] Embed Pods Frameworks";
			outputFileListPaths = (
				"${PODS_ROOT}/Target Support Files/Pods-ParseJSONHomework/Pods-ParseJSONHomework-frameworks-${CONFIGURATION}-output-files.xcfilelist",
			);
			runOnlyForDeploymentPostprocessing = 0;
			shellPath = /bin/sh;
			shellScript = "\"${PODS_ROOT}/Target Support Files/Pods-ParseJSONHomework/Pods-ParseJSONHomework-frameworks.sh\"\n";
			showEnvVarsInLog = 0;
		};
		DB25C5E505F0AD1FE9D8B1A5 /* [CP] Check Pods Manifest.lock */ = {
			isa = PBXShellScriptBuildPhase;
			buildActionMask = 2147483647;
			files = (
			);
			inputFileListPaths = (
			);
			inputPaths = (
				"${PODS_PODFILE_DIR_PATH}/Podfile.lock",
				"${PODS_ROOT}/Manifest.lock",
			);
			name = "[CP] Check Pods Manifest.lock";
			outputFileListPaths = (
			);
			outputPaths = (
				"$(DERIVED_FILE_DIR)/Pods-ParseJSONHomework-checkManifestLockResult.txt",
			);
			runOnlyForDeploymentPostprocessing = 0;
			shellPath = /bin/sh;
			shellScript = "diff \"${PODS_PODFILE_DIR_PATH}/Podfile.lock\" \"${PODS_ROOT}/Manifest.lock\" > /dev/null\nif [ $? != 0 ] ; then\n    # print error to STDERR\n    echo \"error: The sandbox is not in sync with the Podfile.lock. Run 'pod install' or update your CocoaPods installation.\" >&2\n    exit 1\nfi\n# This output is used by Xcode 'outputs' to avoid re-running this script phase.\necho \"SUCCESS\" > \"${SCRIPT_OUTPUT_FILE_0}\"\n";
			showEnvVarsInLog = 0;
		};
/* End PBXShellScriptBuildPhase section */

/* Begin PBXSourcesBuildPhase section */
		75D24C3D25343C3A0040279D /* Sources */ = {
			isa = PBXSourcesBuildPhase;
			buildActionMask = 2147483647;
			files = (
				75D24C4525343C3A0040279D /* AppDelegate.swift in Sources */,
				75D24C902536FA700040279D /* ValuteCell.swift in Sources */,
				75D24C7B25343D570040279D /* TableViewController.swift in Sources */,
				75D24C4725343C3A0040279D /* SceneDelegate.swift in Sources */,
				75D24C98253702BA0040279D /* Welcome.swift in Sources */,
			);
			runOnlyForDeploymentPostprocessing = 0;
		};
		75D24C5325343C3E0040279D /* Sources */ = {
			isa = PBXSourcesBuildPhase;
			buildActionMask = 2147483647;
			files = (
				75D24C5C25343C3E0040279D /* ParseJSONHomeworkTests.swift in Sources */,
			);
			runOnlyForDeploymentPostprocessing = 0;
		};
		75D24C5E25343C3E0040279D /* Sources */ = {
			isa = PBXSourcesBuildPhase;
			buildActionMask = 2147483647;
			files = (
				75D24C6725343C3E0040279D /* ParseJSONHomeworkUITests.swift in Sources */,
			);
			runOnlyForDeploymentPostprocessing = 0;
		};
/* End PBXSourcesBuildPhase section */

/* Begin PBXTargetDependency section */
		75D24C5925343C3E0040279D /* PBXTargetDependency */ = {
			isa = PBXTargetDependency;
			target = 75D24C4025343C3A0040279D /* ParseJSONHomework */;
			targetProxy = 75D24C5825343C3E0040279D /* PBXContainerItemProxy */;
		};
		75D24C6425343C3E0040279D /* PBXTargetDependency */ = {
			isa = PBXTargetDependency;
			target = 75D24C4025343C3A0040279D /* ParseJSONHomework */;
			targetProxy = 75D24C6325343C3E0040279D /* PBXContainerItemProxy */;
		};
/* End PBXTargetDependency section */

/* Begin PBXVariantGroup section */
		75D24C4A25343C3A0040279D /* Main.storyboard */ = {
			isa = PBXVariantGroup;
			children = (
				75D24C4B25343C3A0040279D /* Base */,
			);
			name = Main.storyboard;
			sourceTree = "<group>";
		};
		75D24C4F25343C3E0040279D /* LaunchScreen.storyboard */ = {
			isa = PBXVariantGroup;
			children = (
				75D24C5025343C3E0040279D /* Base */,
			);
			name = LaunchScreen.storyboard;
			sourceTree = "<group>";
		};
/* End PBXVariantGroup section */

/* Begin XCBuildConfiguration section */
		75D24C6925343C3E0040279D /* Debug */ = {
			isa = XCBuildConfiguration;
			buildSettings = {
				ALWAYS_SEARCH_USER_PATHS = NO;
				CLANG_ANALYZER_NONNULL = YES;
				CLANG_ANALYZER_NUMBER_OBJECT_CONVERSION = YES_AGGRESSIVE;
				CLANG_CXX_LANGUAGE_STANDARD = "gnu++14";
				CLANG_CXX_LIBRARY = "libc++";
				CLANG_ENABLE_MODULES = YES;
				CLANG_ENABLE_OBJC_ARC = YES;
				CLANG_ENABLE_OBJC_WEAK = YES;
				CLANG_WARN_BLOCK_CAPTURE_AUTORELEASING = YES;
				CLANG_WARN_BOOL_CONVERSION = YES;
				CLANG_WARN_COMMA = YES;
				CLANG_WARN_CONSTANT_CONVERSION = YES;
				CLANG_WARN_DEPRECATED_OBJC_IMPLEMENTATIONS = YES;
				CLANG_WARN_DIRECT_OBJC_ISA_USAGE = YES_ERROR;
				CLANG_WARN_DOCUMENTATION_COMMENTS = YES;
				CLANG_WARN_EMPTY_BODY = YES;
				CLANG_WARN_ENUM_CONVERSION = YES;
				CLANG_WARN_INFINITE_RECURSION = YES;
				CLANG_WARN_INT_CONVERSION = YES;
				CLANG_WARN_NON_LITERAL_NULL_CONVERSION = YES;
				CLANG_WARN_OBJC_IMPLICIT_RETAIN_SELF = YES;
				CLANG_WARN_OBJC_LITERAL_CONVERSION = YES;
				CLANG_WARN_OBJC_ROOT_CLASS = YES_ERROR;
				CLANG_WARN_QUOTED_INCLUDE_IN_FRAMEWORK_HEADER = YES;
				CLANG_WARN_RANGE_LOOP_ANALYSIS = YES;
				CLANG_WARN_STRICT_PROTOTYPES = YES;
				CLANG_WARN_SUSPICIOUS_MOVE = YES;
				CLANG_WARN_UNGUARDED_AVAILABILITY = YES_AGGRESSIVE;
				CLANG_WARN_UNREACHABLE_CODE = YES;
				CLANG_WARN__DUPLICATE_METHOD_MATCH = YES;
				COPY_PHASE_STRIP = NO;
				DEBUG_INFORMATION_FORMAT = dwarf;
				ENABLE_STRICT_OBJC_MSGSEND = YES;
				ENABLE_TESTABILITY = YES;
				GCC_C_LANGUAGE_STANDARD = gnu11;
				GCC_DYNAMIC_NO_PIC = NO;
				GCC_NO_COMMON_BLOCKS = YES;
				GCC_OPTIMIZATION_LEVEL = 0;
				GCC_PREPROCESSOR_DEFINITIONS = (
					"DEBUG=1",
					"$(inherited)",
				);
				GCC_WARN_64_TO_32_BIT_CONVERSION = YES;
				GCC_WARN_ABOUT_RETURN_TYPE = YES_ERROR;
				GCC_WARN_UNDECLARED_SELECTOR = YES;
				GCC_WARN_UNINITIALIZED_AUTOS = YES_AGGRESSIVE;
				GCC_WARN_UNUSED_FUNCTION = YES;
				GCC_WARN_UNUSED_VARIABLE = YES;
				IPHONEOS_DEPLOYMENT_TARGET = 14.0;
				MTL_ENABLE_DEBUG_INFO = INCLUDE_SOURCE;
				MTL_FAST_MATH = YES;
				ONLY_ACTIVE_ARCH = YES;
				SDKROOT = iphoneos;
				SWIFT_ACTIVE_COMPILATION_CONDITIONS = DEBUG;
				SWIFT_OPTIMIZATION_LEVEL = "-Onone";
			};
			name = Debug;
		};
		75D24C6A25343C3E0040279D /* Release */ = {
			isa = XCBuildConfiguration;
			buildSettings = {
				ALWAYS_SEARCH_USER_PATHS = NO;
				CLANG_ANALYZER_NONNULL = YES;
				CLANG_ANALYZER_NUMBER_OBJECT_CONVERSION = YES_AGGRESSIVE;
				CLANG_CXX_LANGUAGE_STANDARD = "gnu++14";
				CLANG_CXX_LIBRARY = "libc++";
				CLANG_ENABLE_MODULES = YES;
				CLANG_ENABLE_OBJC_ARC = YES;
				CLANG_ENABLE_OBJC_WEAK = YES;
				CLANG_WARN_BLOCK_CAPTURE_AUTORELEASING = YES;
				CLANG_WARN_BOOL_CONVERSION = YES;
				CLANG_WARN_COMMA = YES;
				CLANG_WARN_CONSTANT_CONVERSION = YES;
				CLANG_WARN_DEPRECATED_OBJC_IMPLEMENTATIONS = YES;
				CLANG_WARN_DIRECT_OBJC_ISA_USAGE = YES_ERROR;
				CLANG_WARN_DOCUMENTATION_COMMENTS = YES;
				CLANG_WARN_EMPTY_BODY = YES;
				CLANG_WARN_ENUM_CONVERSION = YES;
				CLANG_WARN_INFINITE_RECURSION = YES;
				CLANG_WARN_INT_CONVERSION = YES;
				CLANG_WARN_NON_LITERAL_NULL_CONVERSION = YES;
				CLANG_WARN_OBJC_IMPLICIT_RETAIN_SELF = YES;
				CLANG_WARN_OBJC_LITERAL_CONVERSION = YES;
				CLANG_WARN_OBJC_ROOT_CLASS = YES_ERROR;
				CLANG_WARN_QUOTED_INCLUDE_IN_FRAMEWORK_HEADER = YES;
				CLANG_WARN_RANGE_LOOP_ANALYSIS = YES;
				CLANG_WARN_STRICT_PROTOTYPES = YES;
				CLANG_WARN_SUSPICIOUS_MOVE = YES;
				CLANG_WARN_UNGUARDED_AVAILABILITY = YES_AGGRESSIVE;
				CLANG_WARN_UNREACHABLE_CODE = YES;
				CLANG_WARN__DUPLICATE_METHOD_MATCH = YES;
				COPY_PHASE_STRIP = NO;
				DEBUG_INFORMATION_FORMAT = "dwarf-with-dsym";
				ENABLE_NS_ASSERTIONS = NO;
				ENABLE_STRICT_OBJC_MSGSEND = YES;
				GCC_C_LANGUAGE_STANDARD = gnu11;
				GCC_NO_COMMON_BLOCKS = YES;
				GCC_WARN_64_TO_32_BIT_CONVERSION = YES;
				GCC_WARN_ABOUT_RETURN_TYPE = YES_ERROR;
				GCC_WARN_UNDECLARED_SELECTOR = YES;
				GCC_WARN_UNINITIALIZED_AUTOS = YES_AGGRESSIVE;
				GCC_WARN_UNUSED_FUNCTION = YES;
				GCC_WARN_UNUSED_VARIABLE = YES;
				IPHONEOS_DEPLOYMENT_TARGET = 14.0;
				MTL_ENABLE_DEBUG_INFO = NO;
				MTL_FAST_MATH = YES;
				SDKROOT = iphoneos;
				SWIFT_COMPILATION_MODE = wholemodule;
				SWIFT_OPTIMIZATION_LEVEL = "-O";
				VALIDATE_PRODUCT = YES;
			};
			name = Release;
		};
		75D24C6C25343C3E0040279D /* Debug */ = {
			isa = XCBuildConfiguration;
			baseConfigurationReference = 96412A454BE86C5D5E11524D /* Pods-ParseJSONHomework.debug.xcconfig */;
			buildSettings = {
				ASSETCATALOG_COMPILER_APPICON_NAME = AppIcon;
				ASSETCATALOG_COMPILER_GLOBAL_ACCENT_COLOR_NAME = AccentColor;
				CODE_SIGN_STYLE = Automatic;
				DEVELOPMENT_TEAM = G97R3KR773;
				INFOPLIST_FILE = ParseJSONHomework/Info.plist;
				LD_RUNPATH_SEARCH_PATHS = (
					"$(inherited)",
					"@executable_path/Frameworks",
				);
				PRODUCT_BUNDLE_IDENTIFIER = Markov.ParseJSONHomework;
				PRODUCT_NAME = "$(TARGET_NAME)";
				SWIFT_VERSION = 5.0;
				TARGETED_DEVICE_FAMILY = "1,2";
			};
			name = Debug;
		};
		75D24C6D25343C3E0040279D /* Release */ = {
			isa = XCBuildConfiguration;
			baseConfigurationReference = C82DC42C2920CDA997395D7C /* Pods-ParseJSONHomework.release.xcconfig */;
			buildSettings = {
				ASSETCATALOG_COMPILER_APPICON_NAME = AppIcon;
				ASSETCATALOG_COMPILER_GLOBAL_ACCENT_COLOR_NAME = AccentColor;
				CODE_SIGN_STYLE = Automatic;
				DEVELOPMENT_TEAM = G97R3KR773;
				INFOPLIST_FILE = ParseJSONHomework/Info.plist;
				LD_RUNPATH_SEARCH_PATHS = (
					"$(inherited)",
					"@executable_path/Frameworks",
				);
				PRODUCT_BUNDLE_IDENTIFIER = Markov.ParseJSONHomework;
				PRODUCT_NAME = "$(TARGET_NAME)";
				SWIFT_VERSION = 5.0;
				TARGETED_DEVICE_FAMILY = "1,2";
			};
			name = Release;
		};
		75D24C6F25343C3E0040279D /* Debug */ = {
			isa = XCBuildConfiguration;
			baseConfigurationReference = E310478B4B80E0950501DE7A /* Pods-ParseJSONHomeworkTests.debug.xcconfig */;
			buildSettings = {
				ALWAYS_EMBED_SWIFT_STANDARD_LIBRARIES = YES;
				BUNDLE_LOADER = "$(TEST_HOST)";
				CODE_SIGN_STYLE = Automatic;
				DEVELOPMENT_TEAM = G97R3KR773;
				INFOPLIST_FILE = ParseJSONHomeworkTests/Info.plist;
				IPHONEOS_DEPLOYMENT_TARGET = 14.0;
				LD_RUNPATH_SEARCH_PATHS = (
					"$(inherited)",
					"@executable_path/Frameworks",
					"@loader_path/Frameworks",
				);
				PRODUCT_BUNDLE_IDENTIFIER = Markov.ParseJSONHomeworkTests;
				PRODUCT_NAME = "$(TARGET_NAME)";
				SWIFT_VERSION = 5.0;
				TARGETED_DEVICE_FAMILY = "1,2";
				TEST_HOST = "$(BUILT_PRODUCTS_DIR)/ParseJSONHomework.app/ParseJSONHomework";
			};
			name = Debug;
		};
		75D24C7025343C3E0040279D /* Release */ = {
			isa = XCBuildConfiguration;
			baseConfigurationReference = B020760102513C2C8E479E63 /* Pods-ParseJSONHomeworkTests.release.xcconfig */;
			buildSettings = {
				ALWAYS_EMBED_SWIFT_STANDARD_LIBRARIES = YES;
				BUNDLE_LOADER = "$(TEST_HOST)";
				CODE_SIGN_STYLE = Automatic;
				DEVELOPMENT_TEAM = G97R3KR773;
				INFOPLIST_FILE = ParseJSONHomeworkTests/Info.plist;
				IPHONEOS_DEPLOYMENT_TARGET = 14.0;
				LD_RUNPATH_SEARCH_PATHS = (
					"$(inherited)",
					"@executable_path/Frameworks",
					"@loader_path/Frameworks",
				);
				PRODUCT_BUNDLE_IDENTIFIER = Markov.ParseJSONHomeworkTests;
				PRODUCT_NAME = "$(TARGET_NAME)";
				SWIFT_VERSION = 5.0;
				TARGETED_DEVICE_FAMILY = "1,2";
				TEST_HOST = "$(BUILT_PRODUCTS_DIR)/ParseJSONHomework.app/ParseJSONHomework";
			};
			name = Release;
		};
		75D24C7225343C3E0040279D /* Debug */ = {
			isa = XCBuildConfiguration;
			baseConfigurationReference = 47014CC229E6CA1044F08834 /* Pods-ParseJSONHomework-ParseJSONHomeworkUITests.debug.xcconfig */;
			buildSettings = {
				ALWAYS_EMBED_SWIFT_STANDARD_LIBRARIES = YES;
				CODE_SIGN_STYLE = Automatic;
				DEVELOPMENT_TEAM = G97R3KR773;
				INFOPLIST_FILE = ParseJSONHomeworkUITests/Info.plist;
				LD_RUNPATH_SEARCH_PATHS = (
					"$(inherited)",
					"@executable_path/Frameworks",
					"@loader_path/Frameworks",
				);
				PRODUCT_BUNDLE_IDENTIFIER = Markov.ParseJSONHomeworkUITests;
				PRODUCT_NAME = "$(TARGET_NAME)";
				SWIFT_VERSION = 5.0;
				TARGETED_DEVICE_FAMILY = "1,2";
				TEST_TARGET_NAME = ParseJSONHomework;
			};
			name = Debug;
		};
		75D24C7325343C3E0040279D /* Release */ = {
			isa = XCBuildConfiguration;
			baseConfigurationReference = C88FFF17B193B2D60DA2247E /* Pods-ParseJSONHomework-ParseJSONHomeworkUITests.release.xcconfig */;
			buildSettings = {
				ALWAYS_EMBED_SWIFT_STANDARD_LIBRARIES = YES;
				CODE_SIGN_STYLE = Automatic;
				DEVELOPMENT_TEAM = G97R3KR773;
				INFOPLIST_FILE = ParseJSONHomeworkUITests/Info.plist;
				LD_RUNPATH_SEARCH_PATHS = (
					"$(inherited)",
					"@executable_path/Frameworks",
					"@loader_path/Frameworks",
				);
				PRODUCT_BUNDLE_IDENTIFIER = Markov.ParseJSONHomeworkUITests;
				PRODUCT_NAME = "$(TARGET_NAME)";
				SWIFT_VERSION = 5.0;
				TARGETED_DEVICE_FAMILY = "1,2";
				TEST_TARGET_NAME = ParseJSONHomework;
			};
			name = Release;
		};
/* End XCBuildConfiguration section */

/* Begin XCConfigurationList section */
		75D24C3C25343C3A0040279D /* Build configuration list for PBXProject "ParseJSONHomework" */ = {
			isa = XCConfigurationList;
			buildConfigurations = (
				75D24C6925343C3E0040279D /* Debug */,
				75D24C6A25343C3E0040279D /* Release */,
			);
			defaultConfigurationIsVisible = 0;
			defaultConfigurationName = Release;
		};
		75D24C6B25343C3E0040279D /* Build configuration list for PBXNativeTarget "ParseJSONHomework" */ = {
			isa = XCConfigurationList;
			buildConfigurations = (
				75D24C6C25343C3E0040279D /* Debug */,
				75D24C6D25343C3E0040279D /* Release */,
			);
			defaultConfigurationIsVisible = 0;
			defaultConfigurationName = Release;
		};
		75D24C6E25343C3E0040279D /* Build configuration list for PBXNativeTarget "ParseJSONHomeworkTests" */ = {
			isa = XCConfigurationList;
			buildConfigurations = (
				75D24C6F25343C3E0040279D /* Debug */,
				75D24C7025343C3E0040279D /* Release */,
			);
			defaultConfigurationIsVisible = 0;
			defaultConfigurationName = Release;
		};
		75D24C7125343C3E0040279D /* Build configuration list for PBXNativeTarget "ParseJSONHomeworkUITests" */ = {
			isa = XCConfigurationList;
			buildConfigurations = (
				75D24C7225343C3E0040279D /* Debug */,
				75D24C7325343C3E0040279D /* Release */,
			);
			defaultConfigurationIsVisible = 0;
			defaultConfigurationName = Release;
		};
/* End XCConfigurationList section */
	};
	rootObject = 75D24C3925343C3A0040279D /* Project object */;
}
